
Microsoft Visual Studio Solution File, Format Version 12.00
# Visual Studio Version 17
VisualStudioVersion = 17.8.34511.84
MinimumVisualStudioVersion = 10.0.40219.1
Project("{FAE04EC0-301F-11D3-BF4B-00C04F79EFBC}") = "RentalCar", "RentalCar.csproj", "{442A9FA9-1AF4-44C5-A935-9946048FEC07}"
EndProject
Global
	GlobalSection(SolutionConfigurationPlatforms) = preSolution
		Debug|Any CPU = Debug|Any CPU
		Release|Any CPU = Release|Any CPU
	EndGlobalSection
	GlobalSection(ProjectConfigurationPlatforms) = postSolution
		{442A9FA9-1AF4-44C5-A935-9946048FEC07}.Debug|Any CPU.ActiveCfg = Debug|Any CPU
		{442A9FA9-1AF4-44C5-A935-9946048FEC07}.Debug|Any CPU.Build.0 = Debug|Any CPU
		{442A9FA9-1AF4-44C5-A935-9946048FEC07}.Release|Any CPU.ActiveCfg = Release|Any CPU
		{442A9FA9-1AF4-44C5-A935-9946048FEC07}.Release|Any CPU.Build.0 = Release|Any CPU
	EndGlobalSection
	GlobalSection(SolutionProperties) = preSolution
		HideSolutionNode = FALSE
	EndGlobalSection
	GlobalSection(ExtensibilityGlobals) = postSolution
		SolutionGuid = {851814EB-2C71-41A7-8ABD-290A921942E1}
	EndGlobalSection
EndGlobal
